// !$*UTF8*$!
{
	archiveVersion = 1;
	classes = {
	};
	objectVersion = 51;
	objects = {

/* Begin PBXBuildFile section */
		306BABB72505ABAE0040E79F /* MoviesViewController.swift in Sources */ = {isa = PBXBuildFile; fileRef = 306BABB62505ABAE0040E79F /* MoviesViewController.swift */; };
		306BABB92505B4ED0040E79F /* MovieCell.swift in Sources */ = {isa = PBXBuildFile; fileRef = 306BABB82505B4ED0040E79F /* MovieCell.swift */; };
		30B21C3B250AFF040060678E /* MovieDetailsViewController.swift in Sources */ = {isa = PBXBuildFile; fileRef = 30B21C3A250AFF040060678E /* MovieDetailsViewController.swift */; };
		30B21C3D250B12660060678E /* MovieGridViewController.swift in Sources */ = {isa = PBXBuildFile; fileRef = 30B21C3C250B12660060678E /* MovieGridViewController.swift */; };
		30B21C43250B3B7D0060678E /* MovieGridCell.swift in Sources */ = {isa = PBXBuildFile; fileRef = 30B21C42250B3B7D0060678E /* MovieGridCell.swift */; };
		30B21C45250B49930060678E /* Main.storyboard in Resources */ = {isa = PBXBuildFile; fileRef = 30B21C44250B49930060678E /* Main.storyboard */; };
		30E0F3502501F04D0089BBEA /* AppDelegate.swift in Sources */ = {isa = PBXBuildFile; fileRef = 30E0F34F2501F04D0089BBEA /* AppDelegate.swift */; };
		30E0F3522501F04D0089BBEA /* SceneDelegate.swift in Sources */ = {isa = PBXBuildFile; fileRef = 30E0F3512501F04D0089BBEA /* SceneDelegate.swift */; };
		30E0F3592501F0500089BBEA /* Assets.xcassets in Resources */ = {isa = PBXBuildFile; fileRef = 30E0F3582501F0500089BBEA /* Assets.xcassets */; };
		30E0F35C2501F0500089BBEA /* LaunchScreen.storyboard in Resources */ = {isa = PBXBuildFile; fileRef = 30E0F35A2501F0500089BBEA /* LaunchScreen.storyboard */; };
		30E0F3672501F0500089BBEA /* FlixsterTests.swift in Sources */ = {isa = PBXBuildFile; fileRef = 30E0F3662501F0500089BBEA /* FlixsterTests.swift */; };
		30E0F3722501F0500089BBEA /* FlixsterUITests.swift in Sources */ = {isa = PBXBuildFile; fileRef = 30E0F3712501F0500089BBEA /* FlixsterUITests.swift */; };
/* End PBXBuildFile section */

/* Begin PBXContainerItemProxy section */
		30E0F3632501F0500089BBEA /* PBXContainerItemProxy */ = {
			isa = PBXContainerItemProxy;
			containerPortal = 30E0F3442501F04D0089BBEA /* Project object */;
			proxyType = 1;
			remoteGlobalIDString = 30E0F34B2501F04D0089BBEA;
			remoteInfo = Flixster;
		};
		30E0F36E2501F0500089BBEA /* PBXContainerItemProxy */ = {
			isa = PBXContainerItemProxy;
			containerPortal = 30E0F3442501F04D0089BBEA /* Project object */;
			proxyType = 1;
			remoteGlobalIDString = 30E0F34B2501F04D0089BBEA;
			remoteInfo = Flixster;
		};
/* End PBXContainerItemProxy section */

/* Begin PBXFileReference section */
		01ED5A4366FBC0FE5B975C09 /* Pods-Flixster.debug.xcconfig */ = {isa = PBXFileReference; includeInIndex = 1; lastKnownFileType = text.xcconfig; name = "Pods-Flixster.debug.xcconfig"; path = "Target Support Files/Pods-Flixster/Pods-Flixster.debug.xcconfig"; sourceTree = "<group>"; };
		03C8E2E79B62998EDB3560AC /* Pods-Flixster-FlixsterUITests.release.xcconfig */ = {isa = PBXFileReference; includeInIndex = 1; lastKnownFileType = text.xcconfig; name = "Pods-Flixster-FlixsterUITests.release.xcconfig"; path = "Target Support Files/Pods-Flixster-FlixsterUITests/Pods-Flixster-FlixsterUITests.release.xcconfig"; sourceTree = "<group>"; };
		0D57510E140D91070D0EB4C9 /* Pods-Flixster-FlixsterUITests.debug.xcconfig */ = {isa = PBXFileReference; includeInIndex = 1; lastKnownFileType = text.xcconfig; name = "Pods-Flixster-FlixsterUITests.debug.xcconfig"; path = "Target Support Files/Pods-Flixster-FlixsterUITests/Pods-Flixster-FlixsterUITests.debug.xcconfig"; sourceTree = "<group>"; };
		306BABB62505ABAE0040E79F /* MoviesViewController.swift */ = {isa = PBXFileReference; lastKnownFileType = sourcecode.swift; path = MoviesViewController.swift; sourceTree = "<group>"; };
		306BABB82505B4ED0040E79F /* MovieCell.swift */ = {isa = PBXFileReference; lastKnownFileType = sourcecode.swift; path = MovieCell.swift; sourceTree = "<group>"; };
		30B21C3A250AFF040060678E /* MovieDetailsViewController.swift */ = {isa = PBXFileReference; lastKnownFileType = sourcecode.swift; path = MovieDetailsViewController.swift; sourceTree = "<group>"; };
		30B21C3C250B12660060678E /* MovieGridViewController.swift */ = {isa = PBXFileReference; lastKnownFileType = sourcecode.swift; path = MovieGridViewController.swift; sourceTree = "<group>"; };
		30B21C42250B3B7D0060678E /* MovieGridCell.swift */ = {isa = PBXFileReference; lastKnownFileType = sourcecode.swift; path = MovieGridCell.swift; sourceTree = "<group>"; };
		30B21C44250B49930060678E /* Main.storyboard */ = {isa = PBXFileReference; fileEncoding = 4; lastKnownFileType = file.storyboard; name = Main.storyboard; path = ../../../../../.Trash/Main.storyboard; sourceTree = "<group>"; };
		30E0F34C2501F04D0089BBEA /* Flixster.app */ = {isa = PBXFileReference; explicitFileType = wrapper.application; includeInIndex = 0; path = Flixster.app; sourceTree = BUILT_PRODUCTS_DIR; };
		30E0F34F2501F04D0089BBEA /* AppDelegate.swift */ = {isa = PBXFileReference; lastKnownFileType = sourcecode.swift; path = AppDelegate.swift; sourceTree = "<group>"; };
		30E0F3512501F04D0089BBEA /* SceneDelegate.swift */ = {isa = PBXFileReference; lastKnownFileType = sourcecode.swift; path = SceneDelegate.swift; sourceTree = "<group>"; };
		30E0F3582501F0500089BBEA /* Assets.xcassets */ = {isa = PBXFileReference; lastKnownFileType = folder.assetcatalog; path = Assets.xcassets; sourceTree = "<group>"; };
		30E0F35B2501F0500089BBEA /* Base */ = {isa = PBXFileReference; lastKnownFileType = file.storyboard; name = Base; path = Base.lproj/LaunchScreen.storyboard; sourceTree = "<group>"; };
		30E0F35D2501F0500089BBEA /* Info.plist */ = {isa = PBXFileReference; lastKnownFileType = text.plist.xml; path = Info.plist; sourceTree = "<group>"; };
		30E0F3622501F0500089BBEA /* FlixsterTests.xctest */ = {isa = PBXFileReference; explicitFileType = wrapper.cfbundle; includeInIndex = 0; path = FlixsterTests.xctest; sourceTree = BUILT_PRODUCTS_DIR; };
		30E0F3662501F0500089BBEA /* FlixsterTests.swift */ = {isa = PBXFileReference; lastKnownFileType = sourcecode.swift; path = FlixsterTests.swift; sourceTree = "<group>"; };
		30E0F3682501F0500089BBEA /* Info.plist */ = {isa = PBXFileReference; lastKnownFileType = text.plist.xml; path = Info.plist; sourceTree = "<group>"; };
		30E0F36D2501F0500089BBEA /* FlixsterUITests.xctest */ = {isa = PBXFileReference; explicitFileType = wrapper.cfbundle; includeInIndex = 0; path = FlixsterUITests.xctest; sourceTree = BUILT_PRODUCTS_DIR; };
		30E0F3712501F0500089BBEA /* FlixsterUITests.swift */ = {isa = PBXFileReference; lastKnownFileType = sourcecode.swift; path = FlixsterUITests.swift; sourceTree = "<group>"; };
		30E0F3732501F0500089BBEA /* Info.plist */ = {isa = PBXFileReference; lastKnownFileType = text.plist.xml; path = Info.plist; sourceTree = "<group>"; };
		4ADDBB8942008BE3C8EE0AE9 /* Pods-FlixsterTests.debug.xcconfig */ = {isa = PBXFileReference; includeInIndex = 1; lastKnownFileType = text.xcconfig; name = "Pods-FlixsterTests.debug.xcconfig"; path = "Target Support Files/Pods-FlixsterTests/Pods-FlixsterTests.debug.xcconfig"; sourceTree = "<group>"; };
		DB9DCD473EBA5AF650D72D02 /* Pods-Flixster.release.xcconfig */ = {isa = PBXFileReference; includeInIndex = 1; lastKnownFileType = text.xcconfig; name = "Pods-Flixster.release.xcconfig"; path = "Target Support Files/Pods-Flixster/Pods-Flixster.release.xcconfig"; sourceTree = "<group>"; };
		E0648F631A2EE3006EA157D9 /* Pods-FlixsterTests.release.xcconfig */ = {isa = PBXFileReference; includeInIndex = 1; lastKnownFileType = text.xcconfig; name = "Pods-FlixsterTests.release.xcconfig"; path = "Target Support Files/Pods-FlixsterTests/Pods-FlixsterTests.release.xcconfig"; sourceTree = "<group>"; };
/* End PBXFileReference section */

/* Begin PBXFrameworksBuildPhase section */
		30E0F3492501F04D0089BBEA /* Frameworks */ = {
			isa = PBXFrameworksBuildPhase;
			buildActionMask = 2147483647;
			files = (
			);
			runOnlyForDeploymentPostprocessing = 0;
		};
		30E0F35F2501F0500089BBEA /* Frameworks */ = {
			isa = PBXFrameworksBuildPhase;
			buildActionMask = 2147483647;
			files = (
			);
			runOnlyForDeploymentPostprocessing = 0;
		};
		30E0F36A2501F0500089BBEA /* Frameworks */ = {
			isa = PBXFrameworksBuildPhase;
			buildActionMask = 2147483647;
			files = (
			);
			runOnlyForDeploymentPostprocessing = 0;
		};
/* End PBXFrameworksBuildPhase section */

/* Begin PBXGroup section */
		30E0F3432501F04D0089BBEA = {
			isa = PBXGroup;
			children = (
				30E0F34E2501F04D0089BBEA /* Flixster */,
				30E0F3652501F0500089BBEA /* FlixsterTests */,
				30E0F3702501F0500089BBEA /* FlixsterUITests */,
				30E0F34D2501F04D0089BBEA /* Products */,
				4D2712610E7D984B606252A8 /* Pods */,
			);
			sourceTree = "<group>";
		};
		30E0F34D2501F04D0089BBEA /* Products */ = {
			isa = PBXGroup;
			children = (
				30E0F34C2501F04D0089BBEA /* Flixster.app */,
				30E0F3622501F0500089BBEA /* FlixsterTests.xctest */,
				30E0F36D2501F0500089BBEA /* FlixsterUITests.xctest */,
			);
			name = Products;
			sourceTree = "<group>";
		};
		30E0F34E2501F04D0089BBEA /* Flixster */ = {
			isa = PBXGroup;
			children = (
				30E0F34F2501F04D0089BBEA /* AppDelegate.swift */,
				30E0F3512501F04D0089BBEA /* SceneDelegate.swift */,
				30B21C44250B49930060678E /* Main.storyboard */,
				30E0F3582501F0500089BBEA /* Assets.xcassets */,
				30E0F35A2501F0500089BBEA /* LaunchScreen.storyboard */,
				30E0F35D2501F0500089BBEA /* Info.plist */,
				306BABB62505ABAE0040E79F /* MoviesViewController.swift */,
				306BABB82505B4ED0040E79F /* MovieCell.swift */,
				30B21C3A250AFF040060678E /* MovieDetailsViewController.swift */,
				30B21C3C250B12660060678E /* MovieGridViewController.swift */,
				30B21C42250B3B7D0060678E /* MovieGridCell.swift */,
			);
			path = Flixster;
			sourceTree = "<group>";
		};
		30E0F3652501F0500089BBEA /* FlixsterTests */ = {
			isa = PBXGroup;
			children = (
				30E0F3662501F0500089BBEA /* FlixsterTests.swift */,
				30E0F3682501F0500089BBEA /* Info.plist */,
			);
			path = FlixsterTests;
			sourceTree = "<group>";
		};
		30E0F3702501F0500089BBEA /* FlixsterUITests */ = {
			isa = PBXGroup;
			children = (
				30E0F3712501F0500089BBEA /* FlixsterUITests.swift */,
				30E0F3732501F0500089BBEA /* Info.plist */,
			);
			path = FlixsterUITests;
			sourceTree = "<group>";
		};
		4D2712610E7D984B606252A8 /* Pods */ = {
			isa = PBXGroup;
			children = (
				01ED5A4366FBC0FE5B975C09 /* Pods-Flixster.debug.xcconfig */,
				DB9DCD473EBA5AF650D72D02 /* Pods-Flixster.release.xcconfig */,
				0D57510E140D91070D0EB4C9 /* Pods-Flixster-FlixsterUITests.debug.xcconfig */,
				03C8E2E79B62998EDB3560AC /* Pods-Flixster-FlixsterUITests.release.xcconfig */,
				4ADDBB8942008BE3C8EE0AE9 /* Pods-FlixsterTests.debug.xcconfig */,
				E0648F631A2EE3006EA157D9 /* Pods-FlixsterTests.release.xcconfig */,
			);
			path = Pods;
			sourceTree = "<group>";
		};
/* End PBXGroup section */

/* Begin PBXNativeTarget section */
		30E0F34B2501F04D0089BBEA /* Flixster */ = {
			isa = PBXNativeTarget;
			buildConfigurationList = 30E0F3762501F0500089BBEA /* Build configuration list for PBXNativeTarget "Flixster" */;
			buildPhases = (
				D09F08725D367EAD6B9B2942 /* [CP] Check Pods Manifest.lock */,
				30E0F3482501F04D0089BBEA /* Sources */,
				30E0F3492501F04D0089BBEA /* Frameworks */,
				30E0F34A2501F04D0089BBEA /* Resources */,
				9E221A975D7BBCC063E7302B /* [CP] Embed Pods Frameworks */,
			);
			buildRules = (
			);
			dependencies = (
			);
			name = Flixster;
			productName = Flixster;
			productReference = 30E0F34C2501F04D0089BBEA /* Flixster.app */;
			productType = "com.apple.product-type.application";
		};
		30E0F3612501F0500089BBEA /* FlixsterTests */ = {
			isa = PBXNativeTarget;
			buildConfigurationList = 30E0F3792501F0500089BBEA /* Build configuration list for PBXNativeTarget "FlixsterTests" */;
			buildPhases = (
				67F5AD078AFC1FC9D2B9A71F /* [CP] Check Pods Manifest.lock */,
				30E0F35E2501F0500089BBEA /* Sources */,
				30E0F35F2501F0500089BBEA /* Frameworks */,
				30E0F3602501F0500089BBEA /* Resources */,
			);
			buildRules = (
			);
			dependencies = (
				30E0F3642501F0500089BBEA /* PBXTargetDependency */,
			);
			name = FlixsterTests;
			productName = FlixsterTests;
			productReference = 30E0F3622501F0500089BBEA /* FlixsterTests.xctest */;
			productType = "com.apple.product-type.bundle.unit-test";
		};
		30E0F36C2501F0500089BBEA /* FlixsterUITests */ = {
			isa = PBXNativeTarget;
			buildConfigurationList = 30E0F37C2501F0500089BBEA /* Build configuration list for PBXNativeTarget "FlixsterUITests" */;
			buildPhases = (
				72039B90D33FF510844D30E7 /* [CP] Check Pods Manifest.lock */,
				30E0F3692501F0500089BBEA /* Sources */,
				30E0F36A2501F0500089BBEA /* Frameworks */,
				30E0F36B2501F0500089BBEA /* Resources */,
				94E61ACAE49302026E53CE07 /* [CP] Embed Pods Frameworks */,
			);
			buildRules = (
			);
			dependencies = (
				30E0F36F2501F0500089BBEA /* PBXTargetDependency */,
			);
			name = FlixsterUITests;
			productName = FlixsterUITests;
			productReference = 30E0F36D2501F0500089BBEA /* FlixsterUITests.xctest */;
			productType = "com.apple.product-type.bundle.ui-testing";
		};
/* End PBXNativeTarget section */

/* Begin PBXProject section */
		30E0F3442501F04D0089BBEA /* Project object */ = {
			isa = PBXProject;
			attributes = {
				LastSwiftUpdateCheck = 1170;
				LastUpgradeCheck = 1170;
				ORGANIZATIONNAME = "Codepath Saurabh";
				TargetAttributes = {
					30E0F34B2501F04D0089BBEA = {
						CreatedOnToolsVersion = 11.7;
					};
					30E0F3612501F0500089BBEA = {
						CreatedOnToolsVersion = 11.7;
						TestTargetID = 30E0F34B2501F04D0089BBEA;
					};
					30E0F36C2501F0500089BBEA = {
						CreatedOnToolsVersion = 11.7;
						TestTargetID = 30E0F34B2501F04D0089BBEA;
					};
				};
			};
			buildConfigurationList = 30E0F3472501F04D0089BBEA /* Build configuration list for PBXProject "Flixster" */;
			compatibilityVersion = "Xcode 9.3";
			developmentRegion = en;
			hasScannedForEncodings = 0;
			knownRegions = (
				en,
				Base,
			);
			mainGroup = 30E0F3432501F04D0089BBEA;
			productRefGroup = 30E0F34D2501F04D0089BBEA /* Products */;
			projectDirPath = "";
			projectRoot = "";
			targets = (
				30E0F34B2501F04D0089BBEA /* Flixster */,
				30E0F3612501F0500089BBEA /* FlixsterTests */,
				30E0F36C2501F0500089BBEA /* FlixsterUITests */,
			);
		};
/* End PBXProject section */

/* Begin PBXResourcesBuildPhase section */
		30E0F34A2501F04D0089BBEA /* Resources */ = {
			isa = PBXResourcesBuildPhase;
			buildActionMask = 2147483647;
			files = (
				30B21C45250B49930060678E /* Main.storyboard in Resources */,
				30E0F35C2501F0500089BBEA /* LaunchScreen.storyboard in Resources */,
				30E0F3592501F0500089BBEA /* Assets.xcassets in Resources */,
			);
			runOnlyForDeploymentPostprocessing = 0;
		};
		30E0F3602501F0500089BBEA /* Resources */ = {
			isa = PBXResourcesBuildPhase;
			buildActionMask = 2147483647;
			files = (
			);
			runOnlyForDeploymentPostprocessing = 0;
		};
		30E0F36B2501F0500089BBEA /* Resources */ = {
			isa = PBXResourcesBuildPhase;
			buildActionMask = 2147483647;
			files = (
			);
			runOnlyForDeploymentPostprocessing = 0;
		};
/* End PBXResourcesBuildPhase section */

/* Begin PBXShellScriptBuildPhase section */
		67F5AD078AFC1FC9D2B9A71F /* [CP] Check Pods Manifest.lock */ = {
			isa = PBXShellScriptBuildPhase;
			buildActionMask = 2147483647;
			files = (
			);
			inputFileListPaths = (
			);
			inputPaths = (
				"${PODS_PODFILE_DIR_PATH}/Podfile.lock",
				"${PODS_ROOT}/Manifest.lock",
			);
			name = "[CP] Check Pods Manifest.lock";
			outputFileListPaths = (
			);
			outputPaths = (
				"$(DERIVED_FILE_DIR)/Pods-FlixsterTests-checkManifestLockResult.txt",
			);
			runOnlyForDeploymentPostprocessing = 0;
			shellPath = /bin/sh;
			shellScript = "diff \"${PODS_PODFILE_DIR_PATH}/Podfile.lock\" \"${PODS_ROOT}/Manifest.lock\" > /dev/null\nif [ $? != 0 ] ; then\n    # print error to STDERR\n    echo \"error: The sandbox is not in sync with the Podfile.lock. Run 'pod install' or update your CocoaPods installation.\" >&2\n    exit 1\nfi\n# This output is used by Xcode 'outputs' to avoid re-running this script phase.\necho \"SUCCESS\" > \"${SCRIPT_OUTPUT_FILE_0}\"\n";
			showEnvVarsInLog = 0;
		};
		72039B90D33FF510844D30E7 /* [CP] Check Pods Manifest.lock */ = {
			isa = PBXShellScriptBuildPhase;
			buildActionMask = 2147483647;
			files = (
			);
			inputFileListPaths = (
			);
			inputPaths = (
				"${PODS_PODFILE_DIR_PATH}/Podfile.lock",
				"${PODS_ROOT}/Manifest.lock",
			);
			name = "[CP] Check Pods Manifest.lock";
			outputFileListPaths = (
			);
			outputPaths = (
				"$(DERIVED_FILE_DIR)/Pods-Flixster-FlixsterUITests-checkManifestLockResult.txt",
			);
			runOnlyForDeploymentPostprocessing = 0;
			shellPath = /bin/sh;
			shellScript = "diff \"${PODS_PODFILE_DIR_PATH}/Podfile.lock\" \"${PODS_ROOT}/Manifest.lock\" > /dev/null\nif [ $? != 0 ] ; then\n    # print error to STDERR\n    echo \"error: The sandbox is not in sync with the Podfile.lock. Run 'pod install' or update your CocoaPods installation.\" >&2\n    exit 1\nfi\n# This output is used by Xcode 'outputs' to avoid re-running this script phase.\necho \"SUCCESS\" > \"${SCRIPT_OUTPUT_FILE_0}\"\n";
			showEnvVarsInLog = 0;
		};
		94E61ACAE49302026E53CE07 /* [CP] Embed Pods Frameworks */ = {
			isa = PBXShellScriptBuildPhase;
			buildActionMask = 2147483647;
			files = (
			);
			inputFileListPaths = (
				"${PODS_ROOT}/Target Support Files/Pods-Flixster-FlixsterUITests/Pods-Flixster-FlixsterUITests-frameworks-${CONFIGURATION}-input-files.xcfilelist",
			);
			name = "[CP] Embed Pods Frameworks";
			outputFileListPaths = (
				"${PODS_ROOT}/Target Support Files/Pods-Flixster-FlixsterUITests/Pods-Flixster-FlixsterUITests-frameworks-${CONFIGURATION}-output-files.xcfilelist",
			);
			runOnlyForDeploymentPostprocessing = 0;
			shellPath = /bin/sh;
			shellScript = "\"${PODS_ROOT}/Target Support Files/Pods-Flixster-FlixsterUITests/Pods-Flixster-FlixsterUITests-frameworks.sh\"\n";
			showEnvVarsInLog = 0;
		};
		9E221A975D7BBCC063E7302B /* [CP] Embed Pods Frameworks */ = {
			isa = PBXShellScriptBuildPhase;
			buildActionMask = 2147483647;
			files = (
			);
			inputFileListPaths = (
				"${PODS_ROOT}/Target Support Files/Pods-Flixster/Pods-Flixster-frameworks-${CONFIGURATION}-input-files.xcfilelist",
			);
			name = "[CP] Embed Pods Frameworks";
			outputFileListPaths = (
				"${PODS_ROOT}/Target Support Files/Pods-Flixster/Pods-Flixster-frameworks-${CONFIGURATION}-output-files.xcfilelist",
			);
			runOnlyForDeploymentPostprocessing = 0;
			shellPath = /bin/sh;
			shellScript = "\"${PODS_ROOT}/Target Support Files/Pods-Flixster/Pods-Flixster-frameworks.sh\"\n";
			showEnvVarsInLog = 0;
		};
		D09F08725D367EAD6B9B2942 /* [CP] Check Pods Manifest.lock */ = {
			isa = PBXShellScriptBuildPhase;
			buildActionMask = 2147483647;
			files = (
			);
			inputFileListPaths = (
			);
			inputPaths = (
				"${PODS_PODFILE_DIR_PATH}/Podfile.lock",
				"${PODS_ROOT}/Manifest.lock",
			);
			name = "[CP] Check Pods Manifest.lock";
			outputFileListPaths = (
			);
			outputPaths = (
				"$(DERIVED_FILE_DIR)/Pods-Flixster-checkManifestLockResult.txt",
			);
			runOnlyForDeploymentPostprocessing = 0;
			shellPath = /bin/sh;
			shellScript = "diff \"${PODS_PODFILE_DIR_PATH}/Podfile.lock\" \"${PODS_ROOT}/Manifest.lock\" > /dev/null\nif [ $? != 0 ] ; then\n    # print error to STDERR\n    echo \"error: The sandbox is not in sync with the Podfile.lock. Run 'pod install' or update your CocoaPods installation.\" >&2\n    exit 1\nfi\n# This output is used by Xcode 'outputs' to avoid re-running this script phase.\necho \"SUCCESS\" > \"${SCRIPT_OUTPUT_FILE_0}\"\n";
			showEnvVarsInLog = 0;
		};
/* End PBXShellScriptBuildPhase section */

/* Begin PBXSourcesBuildPhase section */
		30E0F3482501F04D0089BBEA /* Sources */ = {
			isa = PBXSourcesBuildPhase;
			buildActionMask = 2147483647;
			files = (
				30B21C3B250AFF040060678E /* MovieDetailsViewController.swift in Sources */,
				30E0F3502501F04D0089BBEA /* AppDelegate.swift in Sources */,
				30E0F3522501F04D0089BBEA /* SceneDelegate.swift in Sources */,
				306BABB92505B4ED0040E79F /* MovieCell.swift in Sources */,
				306BABB72505ABAE0040E79F /* MoviesViewController.swift in Sources */,
				30B21C3D250B12660060678E /* MovieGridViewController.swift in Sources */,
				30B21C43250B3B7D0060678E /* MovieGridCell.swift in Sources */,
			);
			runOnlyForDeploymentPostprocessing = 0;
		};
		30E0F35E2501F0500089BBEA /* Sources */ = {
			isa = PBXSourcesBuildPhase;
			buildActionMask = 2147483647;
			files = (
				30E0F3672501F0500089BBEA /* FlixsterTests.swift in Sources */,
			);
			runOnlyForDeploymentPostprocessing = 0;
		};
		30E0F3692501F0500089BBEA /* Sources */ = {
			isa = PBXSourcesBuildPhase;
			buildActionMask = 2147483647;
			files = (
				30E0F3722501F0500089BBEA /* FlixsterUITests.swift in Sources */,
			);
			runOnlyForDeploymentPostprocessing = 0;
		};
/* End PBXSourcesBuildPhase section */

/* Begin PBXTargetDependency section */
		30E0F3642501F0500089BBEA /* PBXTargetDependency */ = {
			isa = PBXTargetDependency;
			target = 30E0F34B2501F04D0089BBEA /* Flixster */;
			targetProxy = 30E0F3632501F0500089BBEA /* PBXContainerItemProxy */;
		};
		30E0F36F2501F0500089BBEA /* PBXTargetDependency */ = {
			isa = PBXTargetDependency;
			target = 30E0F34B2501F04D0089BBEA /* Flixster */;
			targetProxy = 30E0F36E2501F0500089BBEA /* PBXContainerItemProxy */;
		};
/* End PBXTargetDependency section */

/* Begin PBXVariantGroup section */
		30E0F35A2501F0500089BBEA /* LaunchScreen.storyboard */ = {
			isa = PBXVariantGroup;
			children = (
				30E0F35B2501F0500089BBEA /* Base */,
			);
			name = LaunchScreen.storyboard;
			sourceTree = "<group>";
		};
/* End PBXVariantGroup section */

/* Begin XCBuildConfiguration section */
		30E0F3742501F0500089BBEA /* Debug */ = {
			isa = XCBuildConfiguration;
			buildSettings = {
				ALWAYS_SEARCH_USER_PATHS = NO;
				CLANG_ANALYZER_NONNULL = YES;
				CLANG_ANALYZER_NUMBER_OBJECT_CONVERSION = YES_AGGRESSIVE;
				CLANG_CXX_LANGUAGE_STANDARD = "gnu++14";
				CLANG_CXX_LIBRARY = "libc++";
				CLANG_ENABLE_MODULES = YES;
				CLANG_ENABLE_OBJC_ARC = YES;
				CLANG_ENABLE_OBJC_WEAK = YES;
				CLANG_WARN_BLOCK_CAPTURE_AUTORELEASING = YES;
				CLANG_WARN_BOOL_CONVERSION = YES;
				CLANG_WARN_COMMA = YES;
				CLANG_WARN_CONSTANT_CONVERSION = YES;
				CLANG_WARN_DEPRECATED_OBJC_IMPLEMENTATIONS = YES;
				CLANG_WARN_DIRECT_OBJC_ISA_USAGE = YES_ERROR;
				CLANG_WARN_DOCUMENTATION_COMMENTS = YES;
				CLANG_WARN_EMPTY_BODY = YES;
				CLANG_WARN_ENUM_CONVERSION = YES;
				CLANG_WARN_INFINITE_RECURSION = YES;
				CLANG_WARN_INT_CONVERSION = YES;
				CLANG_WARN_NON_LITERAL_NULL_CONVERSION = YES;
				CLANG_WARN_OBJC_IMPLICIT_RETAIN_SELF = YES;
				CLANG_WARN_OBJC_LITERAL_CONVERSION = YES;
				CLANG_WARN_OBJC_ROOT_CLASS = YES_ERROR;
				CLANG_WARN_RANGE_LOOP_ANALYSIS = YES;
				CLANG_WARN_STRICT_PROTOTYPES = YES;
				CLANG_WARN_SUSPICIOUS_MOVE = YES;
				CLANG_WARN_UNGUARDED_AVAILABILITY = YES_AGGRESSIVE;
				CLANG_WARN_UNREACHABLE_CODE = YES;
				CLANG_WARN__DUPLICATE_METHOD_MATCH = YES;
				COPY_PHASE_STRIP = NO;
				DEBUG_INFORMATION_FORMAT = dwarf;
				ENABLE_STRICT_OBJC_MSGSEND = YES;
				ENABLE_TESTABILITY = YES;
				GCC_C_LANGUAGE_STANDARD = gnu11;
				GCC_DYNAMIC_NO_PIC = NO;
				GCC_NO_COMMON_BLOCKS = YES;
				GCC_OPTIMIZATION_LEVEL = 0;
				GCC_PREPROCESSOR_DEFINITIONS = (
					"DEBUG=1",
					"$(inherited)",
				);
				GCC_WARN_64_TO_32_BIT_CONVERSION = YES;
				GCC_WARN_ABOUT_RETURN_TYPE = YES_ERROR;
				GCC_WARN_UNDECLARED_SELECTOR = YES;
				GCC_WARN_UNINITIALIZED_AUTOS = YES_AGGRESSIVE;
				GCC_WARN_UNUSED_FUNCTION = YES;
				GCC_WARN_UNUSED_VARIABLE = YES;
				IPHONEOS_DEPLOYMENT_TARGET = 13.7;
				MTL_ENABLE_DEBUG_INFO = INCLUDE_SOURCE;
				MTL_FAST_MATH = YES;
				ONLY_ACTIVE_ARCH = YES;
				SDKROOT = iphoneos;
				SWIFT_ACTIVE_COMPILATION_CONDITIONS = DEBUG;
				SWIFT_OPTIMIZATION_LEVEL = "-Onone";
			};
			name = Debug;
		};
		30E0F3752501F0500089BBEA /* Release */ = {
			isa = XCBuildConfiguration;
			buildSettings = {
				ALWAYS_SEARCH_USER_PATHS = NO;
				CLANG_ANALYZER_NONNULL = YES;
				CLANG_ANALYZER_NUMBER_OBJECT_CONVERSION = YES_AGGRESSIVE;
				CLANG_CXX_LANGUAGE_STANDARD = "gnu++14";
				CLANG_CXX_LIBRARY = "libc++";
				CLANG_ENABLE_MODULES = YES;
				CLANG_ENABLE_OBJC_ARC = YES;
				CLANG_ENABLE_OBJC_WEAK = YES;
				CLANG_WARN_BLOCK_CAPTURE_AUTORELEASING = YES;
				CLANG_WARN_BOOL_CONVERSION = YES;
				CLANG_WARN_COMMA = YES;
				CLANG_WARN_CONSTANT_CONVERSION = YES;
				CLANG_WARN_DEPRECATED_OBJC_IMPLEMENTATIONS = YES;
				CLANG_WARN_DIRECT_OBJC_ISA_USAGE = YES_ERROR;
				CLANG_WARN_DOCUMENTATION_COMMENTS = YES;
				CLANG_WARN_EMPTY_BODY = YES;
				CLANG_WARN_ENUM_CONVERSION = YES;
				CLANG_WARN_INFINITE_RECURSION = YES;
				CLANG_WARN_INT_CONVERSION = YES;
				CLANG_WARN_NON_LITERAL_NULL_CONVERSION = YES;
				CLANG_WARN_OBJC_IMPLICIT_RETAIN_SELF = YES;
				CLANG_WARN_OBJC_LITERAL_CONVERSION = YES;
				CLANG_WARN_OBJC_ROOT_CLASS = YES_ERROR;
				CLANG_WARN_RANGE_LOOP_ANALYSIS = YES;
				CLANG_WARN_STRICT_PROTOTYPES = YES;
				CLANG_WARN_SUSPICIOUS_MOVE = YES;
				CLANG_WARN_UNGUARDED_AVAILABILITY = YES_AGGRESSIVE;
				CLANG_WARN_UNREACHABLE_CODE = YES;
				CLANG_WARN__DUPLICATE_METHOD_MATCH = YES;
				COPY_PHASE_STRIP = NO;
				DEBUG_INFORMATION_FORMAT = "dwarf-with-dsym";
				ENABLE_NS_ASSERTIONS = NO;
				ENABLE_STRICT_OBJC_MSGSEND = YES;
				GCC_C_LANGUAGE_STANDARD = gnu11;
				GCC_NO_COMMON_BLOCKS = YES;
				GCC_WARN_64_TO_32_BIT_CONVERSION = YES;
				GCC_WARN_ABOUT_RETURN_TYPE = YES_ERROR;
				GCC_WARN_UNDECLARED_SELECTOR = YES;
				GCC_WARN_UNINITIALIZED_AUTOS = YES_AGGRESSIVE;
				GCC_WARN_UNUSED_FUNCTION = YES;
				GCC_WARN_UNUSED_VARIABLE = YES;
				IPHONEOS_DEPLOYMENT_TARGET = 13.7;
				MTL_ENABLE_DEBUG_INFO = NO;
				MTL_FAST_MATH = YES;
				SDKROOT = iphoneos;
				SWIFT_COMPILATION_MODE = wholemodule;
				SWIFT_OPTIMIZATION_LEVEL = "-O";
				VALIDATE_PRODUCT = YES;
			};
			name = Release;
		};
		30E0F3772501F0500089BBEA /* Debug */ = {
			isa = XCBuildConfiguration;
			baseConfigurationReference = 01ED5A4366FBC0FE5B975C09 /* Pods-Flixster.debug.xcconfig */;
			buildSettings = {
				ASSETCATALOG_COMPILER_APPICON_NAME = AppIcon;
				CODE_SIGN_STYLE = Automatic;
				INFOPLIST_FILE = Flixster/Info.plist;
				LD_RUNPATH_SEARCH_PATHS = (
					"$(inherited)",
					"@executable_path/Frameworks",
				);
				PRODUCT_BUNDLE_IDENTIFIER = "Codepath-Saurabh.Flixster";
				PRODUCT_NAME = "$(TARGET_NAME)";
				SWIFT_VERSION = 5.0;
				TARGETED_DEVICE_FAMILY = "1,2";
			};
			name = Debug;
		};
		30E0F3782501F0500089BBEA /* Release */ = {
			isa = XCBuildConfiguration;
			baseConfigurationReference = DB9DCD473EBA5AF650D72D02 /* Pods-Flixster.release.xcconfig */;
			buildSettings = {
				ASSETCATALOG_COMPILER_APPICON_NAME = AppIcon;
				CODE_SIGN_STYLE = Automatic;
				INFOPLIST_FILE = Flixster/Info.plist;
				LD_RUNPATH_SEARCH_PATHS = (
					"$(inherited)",
					"@executable_path/Frameworks",
				);
				PRODUCT_BUNDLE_IDENTIFIER = "Codepath-Saurabh.Flixster";
				PRODUCT_NAME = "$(TARGET_NAME)";
				SWIFT_VERSION = 5.0;
				TARGETED_DEVICE_FAMILY = "1,2";
			};
			name = Release;
		};
		30E0F37A2501F0500089BBEA /* Debug */ = {
			isa = XCBuildConfiguration;
			baseConfigurationReference = 4ADDBB8942008BE3C8EE0AE9 /* Pods-FlixsterTests.debug.xcconfig */;
			buildSettings = {
				ALWAYS_EMBED_SWIFT_STANDARD_LIBRARIES = YES;
				BUNDLE_LOADER = "$(TEST_HOST)";
				CODE_SIGN_STYLE = Automatic;
				INFOPLIST_FILE = FlixsterTests/Info.plist;
				IPHONEOS_DEPLOYMENT_TARGET = 13.7;
				LD_RUNPATH_SEARCH_PATHS = (
					"$(inherited)",
					"@executable_path/Frameworks",
					"@loader_path/Frameworks",
				);
				PRODUCT_BUNDLE_IDENTIFIER = "Codepath-Saurabh.FlixsterTests";
				PRODUCT_NAME = "$(TARGET_NAME)";
				SWIFT_VERSION = 5.0;
				TARGETED_DEVICE_FAMILY = "1,2";
				TEST_HOST = "$(BUILT_PRODUCTS_DIR)/Flixster.app/Flixster";
			};
			name = Debug;
		};
		30E0F37B2501F0500089BBEA /* Release */ = {
			isa = XCBuildConfiguration;
			baseConfigurationReference = E0648F631A2EE3006EA157D9 /* Pods-FlixsterTests.release.xcconfig */;
			buildSettings = {
				ALWAYS_EMBED_SWIFT_STANDARD_LIBRARIES = YES;
				BUNDLE_LOADER = "$(TEST_HOST)";
				CODE_SIGN_STYLE = Automatic;
				INFOPLIST_FILE = FlixsterTests/Info.plist;
				IPHONEOS_DEPLOYMENT_TARGET = 13.7;
				LD_RUNPATH_SEARCH_PATHS = (
					"$(inherited)",
					"@executable_path/Frameworks",
					"@loader_path/Frameworks",
				);
				PRODUCT_BUNDLE_IDENTIFIER = "Codepath-Saurabh.FlixsterTests";
				PRODUCT_NAME = "$(TARGET_NAME)";
				SWIFT_VERSION = 5.0;
				TARGETED_DEVICE_FAMILY = "1,2";
				TEST_HOST = "$(BUILT_PRODUCTS_DIR)/Flixster.app/Flixster";
			};
			name = Release;
		};
		30E0F37D2501F0500089BBEA /* Debug */ = {
			isa = XCBuildConfiguration;
			baseConfigurationReference = 0D57510E140D91070D0EB4C9 /* Pods-Flixster-FlixsterUITests.debug.xcconfig */;
			buildSettings = {
				ALWAYS_EMBED_SWIFT_STANDARD_LIBRARIES = YES;
				CODE_SIGN_STYLE = Automatic;
				INFOPLIST_FILE = FlixsterUITests/Info.plist;
				LD_RUNPATH_SEARCH_PATHS = (
					"$(inherited)",
					"@executable_path/Frameworks",
					"@loader_path/Frameworks",
				);
				PRODUCT_BUNDLE_IDENTIFIER = "Codepath-Saurabh.FlixsterUITests";
				PRODUCT_NAME = "$(TARGET_NAME)";
				SWIFT_VERSION = 5.0;
				TARGETED_DEVICE_FAMILY = "1,2";
				TEST_TARGET_NAME = Flixster;
			};
			name = Debug;
		};
		30E0F37E2501F0500089BBEA /* Release */ = {
			isa = XCBuildConfiguration;
			baseConfigurationReference = 03C8E2E79B62998EDB3560AC /* Pods-Flixster-FlixsterUITests.release.xcconfig */;
			buildSettings = {
				ALWAYS_EMBED_SWIFT_STANDARD_LIBRARIES = YES;
				CODE_SIGN_STYLE = Automatic;
				INFOPLIST_FILE = FlixsterUITests/Info.plist;
				LD_RUNPATH_SEARCH_PATHS = (
					"$(inherited)",
					"@executable_path/Frameworks",
					"@loader_path/Frameworks",
				);
				PRODUCT_BUNDLE_IDENTIFIER = "Codepath-Saurabh.FlixsterUITests";
				PRODUCT_NAME = "$(TARGET_NAME)";
				SWIFT_VERSION = 5.0;
				TARGETED_DEVICE_FAMILY = "1,2";
				TEST_TARGET_NAME = Flixster;
			};
			name = Release;
		};
/* End XCBuildConfiguration section */

/* Begin XCConfigurationList section */
		30E0F3472501F04D0089BBEA /* Build configuration list for PBXProject "Flixster" */ = {
			isa = XCConfigurationList;
			buildConfigurations = (
				30E0F3742501F0500089BBEA /* Debug */,
				30E0F3752501F0500089BBEA /* Release */,
			);
			defaultConfigurationIsVisible = 0;
			defaultConfigurationName = Release;
		};
		30E0F3762501F0500089BBEA /* Build configuration list for PBXNativeTarget "Flixster" */ = {
			isa = XCConfigurationList;
			buildConfigurations = (
				30E0F3772501F0500089BBEA /* Debug */,
				30E0F3782501F0500089BBEA /* Release */,
			);
			defaultConfigurationIsVisible = 0;
			defaultConfigurationName = Release;
		};
		30E0F3792501F0500089BBEA /* Build configuration list for PBXNativeTarget "FlixsterTests" */ = {
			isa = XCConfigurationList;
			buildConfigurations = (
				30E0F37A2501F0500089BBEA /* Debug */,
				30E0F37B2501F0500089BBEA /* Release */,
			);
			defaultConfigurationIsVisible = 0;
			defaultConfigurationName = Release;
		};
		30E0F37C2501F0500089BBEA /* Build configuration list for PBXNativeTarget "FlixsterUITests" */ = {
			isa = XCConfigurationList;
			buildConfigurations = (
				30E0F37D2501F0500089BBEA /* Debug */,
				30E0F37E2501F0500089BBEA /* Release */,
			);
			defaultConfigurationIsVisible = 0;
			defaultConfigurationName = Release;
		};
/* End XCConfigurationList section */
	};
	rootObject = 30E0F3442501F04D0089BBEA /* Project object */;
}
